
Microsoft Visual Studio Solution File, Format Version 12.00
# Visual Studio 14
VisualStudioVersion = 14.0.24720.0
MinimumVisualStudioVersion = 10.0.40219.1
Project("{F2A71F9B-5D33-465A-A702-920D77279786}") = "LearnWithSuave", "LearnWithSuave\LearnWithSuave.fsproj", "{C44E1D84-B0E5-4226-B5D6-CCD7A5B57355}"
EndProject
Project("{F2A71F9B-5D33-465A-A702-920D77279786}") = "PropertyBasedTesting", "PropertyBasedTesting\PropertyBasedTesting.fsproj", "{BD1CE652-FFE4-4838-A5E7-DB66287ACD2F}"
EndProject
Project("{FAE04EC0-301F-11D3-BF4B-00C04F79EFBC}") = "SimpleEditor", "SimpleEditor\SimpleEditor.csproj", "{FDFD9A94-A467-46B5-BD42-79889B550329}"
EndProject
Global
	GlobalSection(SolutionConfigurationPlatforms) = preSolution
		Debug|Any CPU = Debug|Any CPU
		Release|Any CPU = Release|Any CPU
	EndGlobalSection
	GlobalSection(ProjectConfigurationPlatforms) = postSolution
		{C44E1D84-B0E5-4226-B5D6-CCD7A5B57355}.Debug|Any CPU.ActiveCfg = Debug|Any CPU
		{C44E1D84-B0E5-4226-B5D6-CCD7A5B57355}.Debug|Any CPU.Build.0 = Debug|Any CPU
		{C44E1D84-B0E5-4226-B5D6-CCD7A5B57355}.Release|Any CPU.ActiveCfg = Release|Any CPU
		{C44E1D84-B0E5-4226-B5D6-CCD7A5B57355}.Release|Any CPU.Build.0 = Release|Any CPU
		{BD1CE652-FFE4-4838-A5E7-DB66287ACD2F}.Debug|Any CPU.ActiveCfg = Debug|Any CPU
		{BD1CE652-FFE4-4838-A5E7-DB66287ACD2F}.Debug|Any CPU.Build.0 = Debug|Any CPU
		{BD1CE652-FFE4-4838-A5E7-DB66287ACD2F}.Release|Any CPU.ActiveCfg = Release|Any CPU
		{BD1CE652-FFE4-4838-A5E7-DB66287ACD2F}.Release|Any CPU.Build.0 = Release|Any CPU
		{FDFD9A94-A467-46B5-BD42-79889B550329}.Debug|Any CPU.ActiveCfg = Debug|Any CPU
		{FDFD9A94-A467-46B5-BD42-79889B550329}.Debug|Any CPU.Build.0 = Debug|Any CPU
		{FDFD9A94-A467-46B5-BD42-79889B550329}.Release|Any CPU.ActiveCfg = Release|Any CPU
		{FDFD9A94-A467-46B5-BD42-79889B550329}.Release|Any CPU.Build.0 = Release|Any CPU
	EndGlobalSection
	GlobalSection(SolutionProperties) = preSolution
		HideSolutionNode = FALSE
	EndGlobalSection
EndGlobal
